version: 5
environments:
  default:
    channels:
    - url: https://conda.anaconda.org/conda-forge/
    packages:
      win-64:
      - conda: https://conda.anaconda.org/conda-forge/win-64/bzip2-1.0.8-h2466b09_7.conda
      - conda: https://conda.anaconda.org/conda-forge/win-64/ca-certificates-2024.8.30-h56e8100_0.conda
      - conda: https://conda.anaconda.org/conda-forge/win-64/cmake-3.30.5-h400e5d1_0.conda
      - conda: https://conda.anaconda.org/conda-forge/win-64/krb5-1.21.3-hdf4eb48_0.conda
      - conda: https://conda.anaconda.org/conda-forge/win-64/libaec-1.1.3-h63175ca_0.conda
      - conda: https://conda.anaconda.org/conda-forge/win-64/libcurl-8.10.1-h1ee3ff0_0.conda
      - conda: https://conda.anaconda.org/conda-forge/win-64/libexpat-2.6.3-he0c23c2_0.conda
      - conda: https://conda.anaconda.org/conda-forge/win-64/libssh2-1.11.0-h7dfc565_0.conda
      - conda: https://conda.anaconda.org/conda-forge/win-64/libuv-1.49.2-h2466b09_0.conda
      - conda: https://conda.anaconda.org/conda-forge/win-64/libzlib-1.3.1-h2466b09_2.conda
      - conda: https://conda.anaconda.org/conda-forge/win-64/ninja-1.12.1-hc790b64_0.conda
      - conda: https://conda.anaconda.org/conda-forge/win-64/openssl-3.3.2-h2466b09_0.conda
      - conda: https://conda.anaconda.org/conda-forge/win-64/ucrt-10.0.22621.0-h57928b3_1.conda
      - conda: https://conda.anaconda.org/conda-forge/win-64/vc-14.3-ha32ba9b_22.conda
      - conda: https://conda.anaconda.org/conda-forge/win-64/vc14_runtime-14.40.33810-hcc2c482_22.conda
      - conda: https://conda.anaconda.org/conda-forge/win-64/vs2015_runtime-14.40.33810-h3bf8584_22.conda
      - conda: https://conda.anaconda.org/conda-forge/win-64/vswhere-3.1.7-h57928b3_0.conda
      - conda: https://conda.anaconda.org/conda-forge/win-64/xz-5.2.6-h8d14728_0.tar.bz2
      - conda: https://conda.anaconda.org/conda-forge/win-64/zlib-1.3.1-h2466b09_2.conda
      - conda: https://conda.anaconda.org/conda-forge/win-64/zstd-1.5.6-h0ea2cb4_0.conda
  flang:
    channels:
    - url: https://conda.anaconda.org/conda-forge/
    packages:
      win-64:
      - conda: https://conda.anaconda.org/conda-forge/win-64/bzip2-1.0.8-h2466b09_7.conda
      - conda: https://conda.anaconda.org/conda-forge/win-64/ca-certificates-2024.8.30-h56e8100_0.conda
      - conda: https://conda.anaconda.org/conda-forge/win-64/clang-19-19.1.2-default_hec7ea82_1.conda
      - conda: https://conda.anaconda.org/conda-forge/win-64/clang-19.1.2-default_hec7ea82_1.conda
      - conda: https://conda.anaconda.org/conda-forge/win-64/clangxx-19.1.2-default_hec7ea82_1.conda
      - conda: https://conda.anaconda.org/conda-forge/win-64/cmake-3.30.5-h400e5d1_0.conda
      - conda: https://conda.anaconda.org/conda-forge/win-64/compiler-rt-19.1.2-hc790b64_0.conda
      - conda: https://conda.anaconda.org/conda-forge/noarch/compiler-rt_win-64-19.1.2-hc790b64_0.conda
      - conda: https://conda.anaconda.org/conda-forge/win-64/flang-19.1.2-hbeecb71_0.conda
      - conda: https://conda.anaconda.org/conda-forge/win-64/krb5-1.21.3-hdf4eb48_0.conda
      - conda: https://conda.anaconda.org/conda-forge/win-64/libaec-1.1.3-h63175ca_0.conda
      - conda: https://conda.anaconda.org/conda-forge/win-64/libcurl-8.10.1-h1ee3ff0_0.conda
      - conda: https://conda.anaconda.org/conda-forge/win-64/libexpat-2.6.3-he0c23c2_0.conda
      - conda: https://conda.anaconda.org/conda-forge/win-64/libflang-19.1.2-he0c23c2_0.conda
      - conda: https://conda.anaconda.org/conda-forge/win-64/libssh2-1.11.0-h7dfc565_0.conda
      - conda: https://conda.anaconda.org/conda-forge/win-64/libuv-1.49.2-h2466b09_0.conda
      - conda: https://conda.anaconda.org/conda-forge/win-64/libzlib-1.3.1-h2466b09_2.conda
      - conda: https://conda.anaconda.org/conda-forge/win-64/ninja-1.12.1-hc790b64_0.conda
      - conda: https://conda.anaconda.org/conda-forge/win-64/openssl-3.3.2-h2466b09_0.conda
      - conda: https://conda.anaconda.org/conda-forge/win-64/ucrt-10.0.22621.0-h57928b3_1.conda
      - conda: https://conda.anaconda.org/conda-forge/win-64/vc-14.3-ha32ba9b_22.conda
      - conda: https://conda.anaconda.org/conda-forge/win-64/vc14_runtime-14.40.33810-hcc2c482_22.conda
      - conda: https://conda.anaconda.org/conda-forge/win-64/vs2015_runtime-14.40.33810-h3bf8584_22.conda
      - conda: https://conda.anaconda.org/conda-forge/win-64/vswhere-3.1.7-h57928b3_0.conda
      - conda: https://conda.anaconda.org/conda-forge/win-64/xz-5.2.6-h8d14728_0.tar.bz2
      - conda: https://conda.anaconda.org/conda-forge/win-64/zlib-1.3.1-h2466b09_2.conda
      - conda: https://conda.anaconda.org/conda-forge/win-64/zstd-1.5.6-h0ea2cb4_0.conda
  ifx:
    channels:
    - url: https://conda.anaconda.org/conda-forge/
    packages:
      win-64:
      - conda: https://conda.anaconda.org/conda-forge/win-64/bzip2-1.0.8-h2466b09_7.conda
      - conda: https://conda.anaconda.org/conda-forge/win-64/ca-certificates-2024.8.30-h56e8100_0.conda
      - conda: https://conda.anaconda.org/conda-forge/win-64/cmake-3.30.5-h400e5d1_0.conda
      - conda: https://conda.anaconda.org/conda-forge/win-64/krb5-1.21.3-hdf4eb48_0.conda
      - conda: https://conda.anaconda.org/conda-forge/win-64/libaec-1.1.3-h63175ca_0.conda
      - conda: https://conda.anaconda.org/conda-forge/win-64/libcurl-8.10.1-h1ee3ff0_0.conda
      - conda: https://conda.anaconda.org/conda-forge/win-64/libexpat-2.6.3-he0c23c2_0.conda
      - conda: https://conda.anaconda.org/conda-forge/win-64/libssh2-1.11.0-h7dfc565_0.conda
      - conda: https://conda.anaconda.org/conda-forge/win-64/libuv-1.49.2-h2466b09_0.conda
      - conda: https://conda.anaconda.org/conda-forge/win-64/libzlib-1.3.1-h2466b09_2.conda
      - conda: https://conda.anaconda.org/conda-forge/win-64/ninja-1.12.1-hc790b64_0.conda
      - conda: https://conda.anaconda.org/conda-forge/win-64/openssl-3.3.2-h2466b09_0.conda
      - conda: https://conda.anaconda.org/conda-forge/win-64/ucrt-10.0.22621.0-h57928b3_1.conda
      - conda: https://conda.anaconda.org/conda-forge/win-64/vc-14.3-ha32ba9b_22.conda
      - conda: https://conda.anaconda.org/conda-forge/win-64/vc14_runtime-14.40.33810-hcc2c482_22.conda
      - conda: https://conda.anaconda.org/conda-forge/win-64/vs2015_runtime-14.40.33810-h3bf8584_22.conda
      - conda: https://conda.anaconda.org/conda-forge/win-64/vswhere-3.1.7-h57928b3_0.conda
      - conda: https://conda.anaconda.org/conda-forge/win-64/xz-5.2.6-h8d14728_0.tar.bz2
      - conda: https://conda.anaconda.org/conda-forge/win-64/zlib-1.3.1-h2466b09_2.conda
      - conda: https://conda.anaconda.org/conda-forge/win-64/zstd-1.5.6-h0ea2cb4_0.conda
  m2w64:
    channels:
    - url: https://conda.anaconda.org/conda-forge/
    packages:
      win-64:
      - conda: https://conda.anaconda.org/conda-forge/win-64/_openmp_mutex-4.5-2_gnu.conda
      - conda: https://conda.anaconda.org/conda-forge/win-64/binutils_impl_win-64-2.43-h095e170_2.conda
      - conda: https://conda.anaconda.org/conda-forge/win-64/binutils_win-64-2.43-hd1c8def_2.conda
      - conda: https://conda.anaconda.org/conda-forge/win-64/bzip2-1.0.8-h2466b09_7.conda
      - conda: https://conda.anaconda.org/conda-forge/win-64/ca-certificates-2024.8.30-h56e8100_0.conda
      - conda: https://conda.anaconda.org/conda-forge/win-64/cmake-3.30.5-h400e5d1_0.conda
      - conda: https://conda.anaconda.org/conda-forge/win-64/gcc_impl_win-64-13.3.0-h6d572eb_1.conda
      - conda: https://conda.anaconda.org/conda-forge/win-64/gcc_win-64-13.3.0-h3842d22_5.conda
      - conda: https://conda.anaconda.org/conda-forge/win-64/gendef-v12.0.0.r1.ggdc42231f0-he1bec0e_1.conda
      - conda: https://conda.anaconda.org/conda-forge/win-64/gfortran_impl_win-64-13.3.0-hb4985bc_1.conda
      - conda: https://conda.anaconda.org/conda-forge/win-64/gfortran_win-64-13.3.0-h0b6a46e_5.conda
      - conda: https://conda.anaconda.org/conda-forge/win-64/gxx_impl_win-64-13.3.0-h31e4377_1.conda
      - conda: https://conda.anaconda.org/conda-forge/win-64/gxx_win-64-13.3.0-h3842d22_5.conda
      - conda: https://conda.anaconda.org/conda-forge/win-64/krb5-1.21.3-hdf4eb48_0.conda
      - conda: https://conda.anaconda.org/conda-forge/win-64/ld_impl_win-64-2.43-hae1bf67_2.conda
      - conda: https://conda.anaconda.org/conda-forge/win-64/libaec-1.1.3-h63175ca_0.conda
      - conda: https://conda.anaconda.org/conda-forge/win-64/libcurl-8.10.1-h1ee3ff0_0.conda
      - conda: https://conda.anaconda.org/conda-forge/win-64/libexpat-2.6.3-he0c23c2_0.conda
      - conda: https://conda.anaconda.org/conda-forge/win-64/libgcc-14.2.0-h1383e82_1.conda
      - conda: https://conda.anaconda.org/conda-forge/noarch/libgcc-devel_win-64-13.3.0-h5200ebd_101.conda
      - conda: https://conda.anaconda.org/conda-forge/win-64/libgfortran5-14.2.0-hf020157_1.conda
      - conda: https://conda.anaconda.org/conda-forge/win-64/libgomp-14.2.0-h1383e82_1.conda
      - conda: https://conda.anaconda.org/conda-forge/win-64/libssh2-1.11.0-h7dfc565_0.conda
      - conda: https://conda.anaconda.org/conda-forge/win-64/libstdcxx-14.2.0-h904f734_1.conda
      - conda: https://conda.anaconda.org/conda-forge/noarch/libstdcxx-devel_win-64-13.3.0-h5200ebd_101.conda
      - conda: https://conda.anaconda.org/conda-forge/win-64/libuv-1.49.2-h2466b09_0.conda
      - conda: https://conda.anaconda.org/conda-forge/win-64/libwinpthread-12.0.0.r4.gg4f2fc60ca-h57928b3_8.conda
      - conda: https://conda.anaconda.org/conda-forge/win-64/libzlib-1.3.1-h2466b09_2.conda
      - conda: https://conda.anaconda.org/conda-forge/noarch/m2w64-sysroot_win-64-12.0.0.r4.gg4f2fc60ca-h7428d3b_8.conda
      - conda: https://conda.anaconda.org/conda-forge/noarch/mingw-w64-ucrt-x86_64-crt-git-12.0.0.r4.gg4f2fc60ca-h7428d3b_8.conda
      - conda: https://conda.anaconda.org/conda-forge/noarch/mingw-w64-ucrt-x86_64-headers-git-12.0.0.r4.gg4f2fc60ca-h7428d3b_8.conda
      - conda: https://conda.anaconda.org/conda-forge/noarch/mingw-w64-ucrt-x86_64-windows-default-manifest-6.4-he206cdd_7.conda
      - conda: https://conda.anaconda.org/conda-forge/noarch/mingw-w64-ucrt-x86_64-winpthreads-git-12.0.0.r4.gg4f2fc60ca-h7428d3b_8.conda
      - conda: https://conda.anaconda.org/conda-forge/win-64/ninja-1.12.1-hc790b64_0.conda
      - conda: https://conda.anaconda.org/conda-forge/win-64/openssl-3.3.2-h2466b09_0.conda
      - conda: https://conda.anaconda.org/conda-forge/noarch/tzdata-2024b-hc8b5060_0.conda
      - conda: https://conda.anaconda.org/conda-forge/win-64/ucrt-10.0.22621.0-h57928b3_1.conda
      - conda: https://conda.anaconda.org/conda-forge/win-64/vc-14.3-ha32ba9b_22.conda
      - conda: https://conda.anaconda.org/conda-forge/win-64/vc14_runtime-14.40.33810-hcc2c482_22.conda
      - conda: https://conda.anaconda.org/conda-forge/win-64/vs2015_runtime-14.40.33810-h3bf8584_22.conda
      - conda: https://conda.anaconda.org/conda-forge/win-64/vswhere-3.1.7-h57928b3_0.conda
      - conda: https://conda.anaconda.org/conda-forge/win-64/xz-5.2.6-h8d14728_0.tar.bz2
      - conda: https://conda.anaconda.org/conda-forge/win-64/zlib-1.3.1-h2466b09_2.conda
      - conda: https://conda.anaconda.org/conda-forge/win-64/zstd-1.5.6-h0ea2cb4_0.conda
packages:
- kind: conda
  name: _openmp_mutex
  version: '4.5'
  build: 2_gnu
  build_number: 8
  subdir: win-64
  url: https://conda.anaconda.org/conda-forge/win-64/_openmp_mutex-4.5-2_gnu.conda
  sha256: 1a62cd1f215fe0902e7004089693a78347a30ad687781dfda2289cab000e652d
  md5: 37e16618af5c4851a3f3d66dd0e11141
  depends:
  - libgomp >=7.5.0
  - libwinpthread >=12.0.0.r2.ggc561118da
  constrains:
  - openmp_impl 9999
  - msys2-conda-epoch <0.0a0
  license: BSD-3-Clause
  license_family: BSD
  size: 49468
  timestamp: 1718213032772
- kind: conda
  name: binutils_impl_win-64
  version: '2.43'
  build: h095e170_2
  build_number: 2
  subdir: win-64
  url: https://conda.anaconda.org/conda-forge/win-64/binutils_impl_win-64-2.43-h095e170_2.conda
  sha256: cedd99fa12cab290f377a9d5a25cbfc69ae02f2c8e51deb6fe5684dff23519e3
  md5: b4b3457460a6a78ec3fdb03c8308497e
  depends:
  - ld_impl_win-64 2.43 hae1bf67_2
  - m2w64-sysroot_win-64 >=12.0.0.r0
  license: GPL-3.0-only
  license_family: GPL
  size: 4977576
  timestamp: 1729655181032
- kind: conda
  name: binutils_win-64
  version: '2.43'
  build: hd1c8def_2
  build_number: 2
  subdir: win-64
  url: https://conda.anaconda.org/conda-forge/win-64/binutils_win-64-2.43-hd1c8def_2.conda
  sha256: 5cdda3d921cad495404f37c4a879e4cf54a4b1920873897cbaf51056edbb8601
  md5: 59af463eaf04962026e035e10c66fa45
  depends:
  - binutils_impl_win-64 2.43 h095e170_2
  license: GPL-3.0-only
  license_family: GPL
  size: 35795
  timestamp: 1729655212540
- kind: conda
  name: bzip2
  version: 1.0.8
  build: h2466b09_7
  build_number: 7
  subdir: win-64
  url: https://conda.anaconda.org/conda-forge/win-64/bzip2-1.0.8-h2466b09_7.conda
  sha256: 35a5dad92e88fdd7fc405e864ec239486f4f31eec229e31686e61a140a8e573b
  md5: 276e7ffe9ffe39688abc665ef0f45596
  depends:
  - ucrt >=10.0.20348.0
  - vc >=14.2,<15
  - vc14_runtime >=14.29.30139
  license: bzip2-1.0.6
  license_family: BSD
  size: 54927
  timestamp: 1720974860185
- kind: conda
  name: ca-certificates
  version: 2024.8.30
  build: h56e8100_0
  subdir: win-64
  url: https://conda.anaconda.org/conda-forge/win-64/ca-certificates-2024.8.30-h56e8100_0.conda
  sha256: 0fcac3a7ffcc556649e034a1802aedf795e64227eaa7194d207b01eaf26454c4
  md5: 4c4fd67c18619be5aa65dc5b6c72e490
  license: ISC
  size: 158773
  timestamp: 1725019107649
- kind: conda
  name: clang
  version: 19.1.2
  build: default_hec7ea82_1
  build_number: 1
  subdir: win-64
  url: https://conda.anaconda.org/conda-forge/win-64/clang-19.1.2-default_hec7ea82_1.conda
  sha256: d1eb0d70e5a57add2ef1e5b2a6bf241d873521fec6a812c649962fa320346a2e
  md5: 4659fe671bd6dd617bc5df3020f9e918
  depends:
  - clang-19 19.1.2 default_hec7ea82_1
  - libzlib >=1.3.1,<2.0a0
  - ucrt >=10.0.20348.0
  - vc >=14.2,<15
  - vc14_runtime >=14.29.30139
  - zstd >=1.5.6,<1.6.0a0
  license: Apache-2.0 WITH LLVM-exception
  license_family: Apache
  size: 102365740
  timestamp: 1729293182712
- kind: conda
  name: clang-19
  version: 19.1.2
  build: default_hec7ea82_1
  build_number: 1
  subdir: win-64
  url: https://conda.anaconda.org/conda-forge/win-64/clang-19-19.1.2-default_hec7ea82_1.conda
  sha256: 95bc11b2617de3a5bf70e84d67882f05fd1cbd75ffd3393d9b0089056349a39b
  md5: aeed132ac2104bcd950444cb90cb7e3e
  depends:
  - libzlib >=1.3.1,<2.0a0
  - ucrt >=10.0.20348.0
  - vc >=14.2,<15
  - vc14_runtime >=14.29.30139
  - zstd >=1.5.6,<1.6.0a0
  license: Apache-2.0 WITH LLVM-exception
  license_family: Apache
  size: 34848882
  timestamp: 1729292969071
- kind: conda
  name: clangxx
  version: 19.1.2
  build: default_hec7ea82_1
  build_number: 1
  subdir: win-64
  url: https://conda.anaconda.org/conda-forge/win-64/clangxx-19.1.2-default_hec7ea82_1.conda
  sha256: b22c1b29605d16d796d3178b3ff52044b08829b751913a806e9b9cb30c2c2031
  md5: ac124e2cafeb34f6a110aa295620fd81
  depends:
  - clang 19.1.2 default_hec7ea82_1
  - libzlib >=1.3.1,<2.0a0
  - ucrt >=10.0.20348.0
  - vc >=14.2,<15
  - vc14_runtime >=14.29.30139
  - zstd >=1.5.6,<1.6.0a0
  license: Apache-2.0 WITH LLVM-exception
  license_family: Apache
  size: 34146370
  timestamp: 1729293469992
- kind: conda
  name: cmake
  version: 3.30.5
  build: h400e5d1_0
  subdir: win-64
  url: https://conda.anaconda.org/conda-forge/win-64/cmake-3.30.5-h400e5d1_0.conda
  sha256: f1df2ab533ffed1a544ab0672bd09abeaee36cadf59c12f8564b03237779b3d3
  md5: 4b84d88fe13e33dd1cad2deaac3fbcf4
  depends:
  - bzip2 >=1.0.8,<2.0a0
  - libcurl >=8.10.1,<9.0a0
  - libexpat >=2.6.3,<3.0a0
  - libuv >=1.49.0,<2.0a0
  - libzlib >=1.3.1,<2.0a0
  - ucrt >=10.0.20348.0
  - vc14_runtime >=14.29.30139
  - xz >=5.2.6,<6.0a0
  - zstd >=1.5.6,<1.6.0a0
  license: BSD-3-Clause
  license_family: BSD
  size: 14357142
  timestamp: 1728417628536
- kind: conda
  name: compiler-rt
  version: 19.1.2
  build: hc790b64_0
  subdir: win-64
  url: https://conda.anaconda.org/conda-forge/win-64/compiler-rt-19.1.2-hc790b64_0.conda
  sha256: 1919793560ed7ed1a3da6b2c2007e583be9a06b2a291d68dfe80f7521027bc31
  md5: cd600c9eb41415de811409fec173c604
  depends:
  - clang 19.1.2.*
  - compiler-rt_win-64 19.1.2.*
  - ucrt >=10.0.20348.0
  - vc >=14.2,<15
  - vc14_runtime >=14.29.30139
  license: Apache-2.0 WITH LLVM-exception
  license_family: APACHE
  size: 4643187
  timestamp: 1729143014220
- kind: conda
  name: compiler-rt_win-64
  version: 19.1.2
  build: hc790b64_0
  subdir: noarch
  noarch: generic
  url: https://conda.anaconda.org/conda-forge/noarch/compiler-rt_win-64-19.1.2-hc790b64_0.conda
  sha256: f537457488c994826d34d86af576224f6e048393f17b75b244af5066d1135767
  md5: 74f1174ee6c3e85a6c5ca40c38538f5a
  depends:
  - clang 19.1.2.*
  constrains:
  - compiler-rt 19.1.2
  - clangxx 19.1.2
  license: Apache-2.0 WITH LLVM-exception
  license_family: APACHE
  size: 4355764
  timestamp: 1729142982477
- kind: conda
  name: flang
  version: 19.1.2
  build: hbeecb71_0
  subdir: win-64
  url: https://conda.anaconda.org/conda-forge/win-64/flang-19.1.2-hbeecb71_0.conda
  sha256: 74c3a8cb55ab60733e42e83dfeb2b92cd3561c6f6f73080943bebcbbfe31cd6b
  md5: 9c7fe3c554bdfcbd0cb5c24ae74b2bee
  depends:
  - clang 19.1.2
  - compiler-rt 19.1.2
  - libflang 19.1.2 he0c23c2_0
  - libzlib >=1.3.1,<2.0a0
  - ucrt >=10.0.20348.0
  - vc >=14.2,<15
  - vc14_runtime >=14.29.30139
  - zstd >=1.5.6,<1.6.0a0
  license: Apache-2.0
  license_family: APACHE
  size: 104507650
  timestamp: 1729182260348
- kind: conda
  name: gcc_impl_win-64
  version: 13.3.0
  build: h6d572eb_1
  build_number: 1
  subdir: win-64
  url: https://conda.anaconda.org/conda-forge/win-64/gcc_impl_win-64-13.3.0-h6d572eb_1.conda
  sha256: 5143cdb5d568199860d05f7fb82e0d71756c857f4464fc7bab530fcce098dbb8
  md5: 4e781d53929cac2126104f146c3293fb
  depends:
  - binutils_impl_win-64 >=2.40
  - libgcc >=13.3.0
  - libgcc-devel_win-64 13.3.0 h5200ebd_101
  - libgomp >=13.3.0
  - libstdcxx >=13.3.0
  - m2w64-sysroot_win-64
  license: GPL-3.0-only WITH GCC-exception-3.1
  license_family: GPL
  size: 51152247
  timestamp: 1724804806495
- kind: conda
  name: gcc_win-64
  version: 13.3.0
  build: h3842d22_5
  build_number: 5
  subdir: win-64
  url: https://conda.anaconda.org/conda-forge/win-64/gcc_win-64-13.3.0-h3842d22_5.conda
  sha256: 024f31d8d3532ba0810a4e2c11e20e927aece4681784e0b9893e8bd968d0f58e
  md5: d408bc149cf882e3b260911d8d834aa7
  depends:
  - binutils_win-64
  - gcc_impl_win-64 13.3.0.*
  - gendef
  - m2w64-sysroot_win-64
  license: BSD-3-Clause
  license_family: BSD
  size: 32077
  timestamp: 1729283914717
- kind: conda
  name: gendef
  version: v12.0.0.r1.ggdc42231f0
  build: he1bec0e_1
  build_number: 1
  subdir: win-64
  url: https://conda.anaconda.org/conda-forge/win-64/gendef-v12.0.0.r1.ggdc42231f0-he1bec0e_1.conda
  sha256: 1c4efe88c067b9c7056ad349ef67d0ffcb8b87615cff8164b7c76683f6ae6e3d
  md5: a738301b7ff9c74a1ec82655a9dfae8d
  depends:
  - libwinpthread >=12.0.0.r2.ggc561118da
  - ucrt >=10.0.20348.0
  license: MIT AND GPL-3.0-or-later
  license_family: GPL
  size: 85962
  timestamp: 1718985997817
- kind: conda
  name: gfortran_impl_win-64
  version: 13.3.0
  build: hb4985bc_1
  build_number: 1
  subdir: win-64
  url: https://conda.anaconda.org/conda-forge/win-64/gfortran_impl_win-64-13.3.0-hb4985bc_1.conda
  sha256: b3a090a54db6e79c86ef41604e473139100f74406659e8a081994fde0b2aff48
  md5: f43ef23268489a8d67ddbada0f5d5e48
  depends:
  - gcc_impl_win-64 >=13.3.0
  - libgcc >=13.3.0
  - libgfortran5 >=13.3.0
  - libstdcxx >=13.3.0
  - m2w64-sysroot_win-64
  license: GPL-3.0-only WITH GCC-exception-3.1
  license_family: GPL
  size: 13285667
  timestamp: 1724805007376
- kind: conda
  name: gfortran_win-64
  version: 13.3.0
  build: h0b6a46e_5
  build_number: 5
  subdir: win-64
  url: https://conda.anaconda.org/conda-forge/win-64/gfortran_win-64-13.3.0-h0b6a46e_5.conda
  sha256: 275efc7809b9cd2e09fd2bdb4088f40718fa38fe9177c101e98b78f41b2df2ac
  md5: 30df02d2c3796558ef6accf3f07649fe
  depends:
  - binutils_win-64
  - gcc_win-64 13.3.0 h3842d22_5
  - gfortran_impl_win-64 13.3.0.*
  - m2w64-sysroot_win-64
  license: BSD-3-Clause
  license_family: BSD
  size: 30448
  timestamp: 1729283917109
- kind: conda
  name: gxx_impl_win-64
  version: 13.3.0
  build: h31e4377_1
  build_number: 1
  subdir: win-64
  url: https://conda.anaconda.org/conda-forge/win-64/gxx_impl_win-64-13.3.0-h31e4377_1.conda
  sha256: fdbf66e8d11a14513ce82eca8b0bfc9aaf334793d0f740df6e98260daa12fc1f
  md5: c6200c5008acf94f1f62e684bacf06c8
  depends:
  - gcc_impl_win-64 13.3.0 h6d572eb_1
  - libstdcxx-devel_win-64 13.3.0 h5200ebd_101
  - m2w64-sysroot_win-64
  - tzdata
  license: GPL-3.0-only WITH GCC-exception-3.1
  license_family: GPL
  size: 12298778
  timestamp: 1724805075512
- kind: conda
  name: gxx_win-64
  version: 13.3.0
  build: h3842d22_5
  build_number: 5
  subdir: win-64
  url: https://conda.anaconda.org/conda-forge/win-64/gxx_win-64-13.3.0-h3842d22_5.conda
  sha256: a5b1618d020aa03d3132178c4cc97e444e86b31006894c06292618101e393c68
  md5: 83db22fb2cfbdaa0265a4e4ad39d22b0
  depends:
  - binutils_win-64
  - gcc_win-64 13.3.0 h3842d22_5
  - gxx_impl_win-64 13.3.0.*
  - m2w64-sysroot_win-64
  license: BSD-3-Clause
  license_family: BSD
  size: 30427
  timestamp: 1729283919473
- kind: conda
  name: krb5
  version: 1.21.3
  build: hdf4eb48_0
  subdir: win-64
  url: https://conda.anaconda.org/conda-forge/win-64/krb5-1.21.3-hdf4eb48_0.conda
  sha256: 18e8b3430d7d232dad132f574268f56b3eb1a19431d6d5de8c53c29e6c18fa81
  md5: 31aec030344e962fbd7dbbbbd68e60a9
  depends:
  - openssl >=3.3.1,<4.0a0
  - ucrt >=10.0.20348.0
  - vc >=14.2,<15
  - vc14_runtime >=14.29.30139
  license: MIT
  license_family: MIT
  size: 712034
  timestamp: 1719463874284
- kind: conda
  name: ld_impl_win-64
  version: '2.43'
  build: hae1bf67_2
  build_number: 2
  subdir: win-64
  url: https://conda.anaconda.org/conda-forge/win-64/ld_impl_win-64-2.43-hae1bf67_2.conda
  sha256: d9c31a15866d51b3ca512e27b3425a46ff4e9360fa59e342f84d492aaf42153e
  md5: 0bf993f072d79d8f29cde04f81dae3be
  constrains:
  - binutils_impl_win-64 2.43
  license: GPL-3.0-only
  license_family: GPL
  size: 761770
  timestamp: 1729655165667
- kind: conda
  name: libaec
  version: 1.1.3
  build: h63175ca_0
  subdir: win-64
  url: https://conda.anaconda.org/conda-forge/win-64/libaec-1.1.3-h63175ca_0.conda
  sha256: f5c293d3cfc00f71dfdb64bd65ab53625565f8778fc2d5790575bef238976ebf
  md5: 8723000f6ffdbdaef16025f0a01b64c5
  depends:
  - ucrt >=10.0.20348.0
  - vc >=14.2,<15
  - vc14_runtime >=14.29.30139
  license: BSD-2-Clause
  license_family: BSD
  size: 32567
  timestamp: 1711021603471
- kind: conda
  name: libcurl
  version: 8.10.1
  build: h1ee3ff0_0
  subdir: win-64
  url: https://conda.anaconda.org/conda-forge/win-64/libcurl-8.10.1-h1ee3ff0_0.conda
  sha256: dfbac497c4fee74f67391f9c4a40cab559468b7d04ff9fad4b404a26b5e1d5b8
  md5: 7ead800e22ff7b4bccb73e42a8f7a0f4
  depends:
  - krb5 >=1.21.3,<1.22.0a0
  - libssh2 >=1.11.0,<2.0a0
  - libzlib >=1.3.1,<2.0a0
  - ucrt >=10.0.20348.0
  - vc >=14.2,<15
  - vc14_runtime >=14.29.30139
  license: curl
  license_family: MIT
  size: 342388
  timestamp: 1726660508261
- kind: conda
  name: libexpat
  version: 2.6.3
  build: he0c23c2_0
  subdir: win-64
  url: https://conda.anaconda.org/conda-forge/win-64/libexpat-2.6.3-he0c23c2_0.conda
  sha256: 9543965d155b8da96fc67dd81705fe5c2571c7c00becc8de5534c850393d4e3c
  md5: 21415fbf4d0de6767a621160b43e5dea
  depends:
  - ucrt >=10.0.20348.0
  - vc >=14.2,<15
  - vc14_runtime >=14.29.30139
  constrains:
  - expat 2.6.3.*
  license: MIT
  license_family: MIT
  size: 138992
  timestamp: 1725569106114
- kind: conda
  name: libflang
  version: 19.1.2
  build: he0c23c2_0
  subdir: win-64
  url: https://conda.anaconda.org/conda-forge/win-64/libflang-19.1.2-he0c23c2_0.conda
  sha256: 88fc1e147bb7f169f3f23700e29c77d4a6e027717dc97444b3354f493bea927c
  md5: 0df58deee03d1343e023a2aac9e7f8b1
  depends:
  - ucrt >=10.0.20348.0
  - vc >=14.2,<15
  - vc14_runtime >=14.29.30139
  license: Apache-2.0
  license_family: APACHE
  size: 1164651
  timestamp: 1729182073612
- kind: conda
  name: libgcc
  version: 14.2.0
  build: h1383e82_1
  build_number: 1
  subdir: win-64
  url: https://conda.anaconda.org/conda-forge/win-64/libgcc-14.2.0-h1383e82_1.conda
  sha256: ef840e797714440bb10b69446d815966fff41fdac79f79c4e19c475d81cd375d
  md5: 75fdd34824997a0f9950a703b15d8ac5
  depends:
  - _openmp_mutex >=4.5
  - libwinpthread >=12.0.0.r4.gg4f2fc60ca
  constrains:
  - libgcc-ng ==14.2.0=*_1
  - libgomp 14.2.0 h1383e82_1
  - msys2-conda-epoch <0.0a0
  license: GPL-3.0-only WITH GCC-exception-3.1
  license_family: GPL
  size: 666386
  timestamp: 1729089506769
- kind: conda
  name: libgcc-devel_win-64
  version: 13.3.0
  build: h5200ebd_101
  build_number: 101
  subdir: noarch
  noarch: generic
  url: https://conda.anaconda.org/conda-forge/noarch/libgcc-devel_win-64-13.3.0-h5200ebd_101.conda
  sha256: 7fe74ee08343c400dfb2939fe3bacdfec708c5f62e94fb7b8b2f43f12221f4a3
  md5: 11ad9a7029f40b127541924c3fea8634
  depends:
  - __win
  license: GPL-3.0-only WITH GCC-exception-3.1
  license_family: GPL
  size: 2070359
  timestamp: 1724804659098
- kind: conda
  name: libgfortran5
  version: 14.2.0
  build: hf020157_1
  build_number: 1
  subdir: win-64
  url: https://conda.anaconda.org/conda-forge/win-64/libgfortran5-14.2.0-hf020157_1.conda
  sha256: ee5061b606ca297c42cfcdbbfae5714161878752ea8e032d41c4b9622745f880
  md5: 294a5033b744648a2ba816b34ffd810a
  depends:
  - libgcc >=14.2.0
  - libwinpthread >=12.0.0.r4.gg4f2fc60ca
  constrains:
  - libgfortran 14.2.0
  license: GPL-3.0-only WITH GCC-exception-3.1
  license_family: GPL
  size: 1704890
  timestamp: 1729089518496
- kind: conda
  name: libgomp
  version: 14.2.0
  build: h1383e82_1
  build_number: 1
  subdir: win-64
  url: https://conda.anaconda.org/conda-forge/win-64/libgomp-14.2.0-h1383e82_1.conda
  sha256: d8739b834608f35775209b032f0c2be752ef187863c7ec847afcebe2f681be4e
  md5: 9e2d4d1214df6f21cba12f6eff4972f9
  depends:
  - libwinpthread >=12.0.0.r4.gg4f2fc60ca
  constrains:
  - msys2-conda-epoch <0.0a0
  license: GPL-3.0-only WITH GCC-exception-3.1
  license_family: GPL
  size: 524249
  timestamp: 1729089441747
- kind: conda
  name: libssh2
  version: 1.11.0
  build: h7dfc565_0
  subdir: win-64
  url: https://conda.anaconda.org/conda-forge/win-64/libssh2-1.11.0-h7dfc565_0.conda
  sha256: 813fd04eed2a2d5d9c36e53c554f9c1f08e9324e2922bd60c9c52dbbed2dbcec
  md5: dc262d03aae04fe26825062879141a41
  depends:
  - libzlib >=1.2.13,<2.0.0a0
  - openssl >=3.1.1,<4.0a0
  - ucrt >=10.0.20348.0
  - vc >=14.2,<15
  - vc14_runtime >=14.29.30139
  license: BSD-3-Clause
  license_family: BSD
  size: 266806
  timestamp: 1685838242099
- kind: conda
  name: libstdcxx
  version: 14.2.0
  build: h904f734_1
  build_number: 1
  subdir: win-64
  url: https://conda.anaconda.org/conda-forge/win-64/libstdcxx-14.2.0-h904f734_1.conda
  sha256: 2f8bc873e65d31e6d856c67ffa75cc47927482d574b0dc6de62cbaec08b42905
  md5: 2aab7962312970e6cdc998fd66f283a6
  depends:
  - libgcc 14.2.0 h1383e82_1
  - libwinpthread >=12.0.0.r4.gg4f2fc60ca
  license: GPL-3.0-only WITH GCC-exception-3.1
  license_family: GPL
  size: 4467187
  timestamp: 1729089533501
- kind: conda
  name: libstdcxx-devel_win-64
  version: 13.3.0
  build: h5200ebd_101
  build_number: 101
  subdir: noarch
  noarch: generic
  url: https://conda.anaconda.org/conda-forge/noarch/libstdcxx-devel_win-64-13.3.0-h5200ebd_101.conda
  sha256: 3e3a25cdc6fc950fb35e8b5d5e994a389aaf9e11b418d09fde2a9abaf88cf6fa
  md5: 041df6521fb4956b8139c73fd178f134
  depends:
  - __win
  license: GPL-3.0-only WITH GCC-exception-3.1
  license_family: GPL
  size: 8486200
  timestamp: 1724804683250
- kind: conda
  name: libuv
  version: 1.49.2
  build: h2466b09_0
  subdir: win-64
  url: https://conda.anaconda.org/conda-forge/win-64/libuv-1.49.2-h2466b09_0.conda
  sha256: d598c536f0e432901ba8b489564799f6f570471b2a3ce9b76e152ee0a961a380
  md5: 30ebb43533efcdc8c357ef409bad86b6
  depends:
  - ucrt >=10.0.20348.0
  - vc >=14.2,<15
  - vc14_runtime >=14.29.30139
  license: MIT
  license_family: MIT
  size: 290376
  timestamp: 1729322844056
- kind: conda
  name: libwinpthread
  version: 12.0.0.r4.gg4f2fc60ca
  build: h57928b3_8
  build_number: 8
  subdir: win-64
  url: https://conda.anaconda.org/conda-forge/win-64/libwinpthread-12.0.0.r4.gg4f2fc60ca-h57928b3_8.conda
  sha256: 6d5e158813ab8d553fbb0fedd0abe7bf92970b0be3a9ddf12da0f6cbad78f506
  md5: 03cccbba200ee0523bde1f3dad60b1f3
  depends:
  - ucrt
  constrains:
  - pthreads-win32 <0.0a0
  - msys2-conda-epoch <0.0a0
  license: MIT AND BSD-3-Clause-Clear
  size: 35433
  timestamp: 1724681489463
- kind: conda
  name: libzlib
  version: 1.3.1
  build: h2466b09_2
  build_number: 2
  subdir: win-64
  url: https://conda.anaconda.org/conda-forge/win-64/libzlib-1.3.1-h2466b09_2.conda
  sha256: ba945c6493449bed0e6e29883c4943817f7c79cbff52b83360f7b341277c6402
  md5: 41fbfac52c601159df6c01f875de31b9
  depends:
  - ucrt >=10.0.20348.0
  - vc >=14.2,<15
  - vc14_runtime >=14.29.30139
  constrains:
  - zlib 1.3.1 *_2
  license: Zlib
  license_family: Other
  size: 55476
  timestamp: 1727963768015
- kind: conda
  name: m2w64-sysroot_win-64
  version: 12.0.0.r4.gg4f2fc60ca
  build: h7428d3b_8
  build_number: 8
  subdir: noarch
  noarch: generic
  url: https://conda.anaconda.org/conda-forge/noarch/m2w64-sysroot_win-64-12.0.0.r4.gg4f2fc60ca-h7428d3b_8.conda
  sha256: be7b7225801dcfced3b392d7467def5a922a20c3ea6aee6392cd8a9fbe0cd55d
  md5: abb498b76b998a690eed73fc7ad9ab0f
  depends:
  - __win
  - mingw-w64-ucrt-x86_64-crt-git 12.0.0.r4.gg4f2fc60ca h7428d3b_8
  - mingw-w64-ucrt-x86_64-headers-git 12.0.0.r4.gg4f2fc60ca h7428d3b_8
  - mingw-w64-ucrt-x86_64-windows-default-manifest
  - mingw-w64-ucrt-x86_64-winpthreads-git 12.0.0.r4.gg4f2fc60ca h7428d3b_8
  - ucrt
  size: 8203
  timestamp: 1724681698135
- kind: conda
  name: mingw-w64-ucrt-x86_64-crt-git
  version: 12.0.0.r4.gg4f2fc60ca
  build: h7428d3b_8
  build_number: 8
  subdir: noarch
  noarch: generic
  url: https://conda.anaconda.org/conda-forge/noarch/mingw-w64-ucrt-x86_64-crt-git-12.0.0.r4.gg4f2fc60ca-h7428d3b_8.conda
  sha256: 7360086ecfe7abcf8652e3651034d0412bfa7516075cf99c2a93acfa3f529aea
  md5: b45f73d89ffe78d85427cb07990d9e60
  depends:
  - __win
  - mingw-w64-ucrt-x86_64-headers-git 12.0.0.r4.gg4f2fc60ca h7428d3b_8
  constrains:
  - mingw-w64-ucrt-x86_64-winpthreads-git 12.0.0.r4.gg4f2fc60ca.*
  license: ZPL-2.1
  size: 5451969
  timestamp: 1724681567258
- kind: conda
  name: mingw-w64-ucrt-x86_64-headers-git
  version: 12.0.0.r4.gg4f2fc60ca
  build: h7428d3b_8
  build_number: 8
  subdir: noarch
  noarch: generic
  url: https://conda.anaconda.org/conda-forge/noarch/mingw-w64-ucrt-x86_64-headers-git-12.0.0.r4.gg4f2fc60ca-h7428d3b_8.conda
  sha256: 803d63ec92cd03d6fd64ad26ec3418ab213f7c847c651fcc34185ff7da5b9a2f
  md5: 37b0867a81f23c8a322bdc385be1a30e
  depends:
  - __win
  constrains:
  - mingw-w64-ucrt-x86_64-winpthreads-git 12.0.0.r4.gg4f2fc60ca.*
  - mingw-w64-ucrt-x86_64-crt-git 12.0.0.r4.gg4f2fc60ca.*
  license: ZPL-2.1 AND LGPL-2.1-or-later
  size: 7028955
  timestamp: 1724681502085
- kind: conda
  name: mingw-w64-ucrt-x86_64-windows-default-manifest
  version: '6.4'
  build: he206cdd_7
  build_number: 7
  subdir: noarch
  noarch: generic
  url: https://conda.anaconda.org/conda-forge/noarch/mingw-w64-ucrt-x86_64-windows-default-manifest-6.4-he206cdd_7.conda
  sha256: 5b0df4e0ba8487ffd59f60c34c5dbb9e001ecd2c5d2c66ba88eada40bfa3ecb8
  md5: 1d6b5c96d7e3cce773519d7d1a4482f0
  depends:
  - __win
  constrains:
  - m2w64-sysroot_win-64 >=12.0.0.r0
  license: FSFAP
  size: 7412
  timestamp: 1717486007140
- kind: conda
  name: mingw-w64-ucrt-x86_64-winpthreads-git
  version: 12.0.0.r4.gg4f2fc60ca
  build: h7428d3b_8
  build_number: 8
  subdir: noarch
  noarch: generic
  url: https://conda.anaconda.org/conda-forge/noarch/mingw-w64-ucrt-x86_64-winpthreads-git-12.0.0.r4.gg4f2fc60ca-h7428d3b_8.conda
  sha256: 96cbf6e83c8997bcdce4d340f1bce9292c88a349ec4cf1b7630b9ed3e26f3938
  md5: 05b5ea3dfdfb8459731ffaf8ffb017a4
  depends:
  - __win
  - mingw-w64-ucrt-x86_64-headers-git 12.0.0.r4.gg4f2fc60ca h7428d3b_8
  constrains:
  - mingw-w64-ucrt-x86_64-crt-git 12.0.0.r4.gg4f2fc60ca.*
  license: MIT AND BSD-3-Clause-Clear
  size: 123222
  timestamp: 1724681676846
- kind: conda
  name: ninja
  version: 1.12.1
  build: hc790b64_0
  subdir: win-64
  url: https://conda.anaconda.org/conda-forge/win-64/ninja-1.12.1-hc790b64_0.conda
  sha256: b821cb72cb3ef08fab90a9bae899510e6cf3c23b5da6070d1ec30099dfe6a5be
  md5: a557dde55343e03c68cd7e29e7f87279
  depends:
  - ucrt >=10.0.20348.0
  - vc >=14.2,<15
  - vc14_runtime >=14.29.30139
  license: Apache-2.0
  license_family: Apache
  size: 285150
  timestamp: 1715441052517
- kind: conda
  name: openssl
  version: 3.3.2
  build: h2466b09_0
  subdir: win-64
  url: https://conda.anaconda.org/conda-forge/win-64/openssl-3.3.2-h2466b09_0.conda
  sha256: a45c42f3577294e22ac39ddb6ef5a64fd5322e8a6725afefbf4f2b4109340bf9
  md5: 1dc86753693df5e3326bb8a85b74c589
  depends:
  - ca-certificates
  - ucrt >=10.0.20348.0
  - vc >=14.2,<15
  - vc14_runtime >=14.29.30139
  license: Apache-2.0
  license_family: Apache
  size: 8396053
  timestamp: 1725412961673
- kind: conda
  name: tzdata
  version: 2024b
  build: hc8b5060_0
  subdir: noarch
  noarch: generic
  url: https://conda.anaconda.org/conda-forge/noarch/tzdata-2024b-hc8b5060_0.conda
  sha256: 4fde5c3008bf5d2db82f2b50204464314cc3c91c1d953652f7bd01d9e52aefdf
  md5: 8ac3367aafb1cc0a068483c580af8015
  license: LicenseRef-Public-Domain
  size: 122354
  timestamp: 1728047496079
- kind: conda
  name: ucrt
  version: 10.0.22621.0
  build: h57928b3_1
  build_number: 1
  subdir: win-64
  url: https://conda.anaconda.org/conda-forge/win-64/ucrt-10.0.22621.0-h57928b3_1.conda
  sha256: db8dead3dd30fb1a032737554ce91e2819b43496a0db09927edf01c32b577450
  md5: 6797b005cd0f439c4c5c9ac565783700
  constrains:
  - vs2015_runtime >=14.29.30037
  license: LicenseRef-MicrosoftWindowsSDK10
  size: 559710
  timestamp: 1728377334097
- kind: conda
  name: vc
  version: '14.3'
  build: ha32ba9b_22
  build_number: 22
  subdir: win-64
  url: https://conda.anaconda.org/conda-forge/win-64/vc-14.3-ha32ba9b_22.conda
  sha256: 2a47c5bd8bec045959afada7063feacd074ad66b170c1ea92dd139b389fcf8fd
  md5: 311c9ba1dfdd2895a8cb08346ff26259
  depends:
  - vc14_runtime >=14.38.33135
  track_features:
  - vc14
  license: BSD-3-Clause
  license_family: BSD
  size: 17447
  timestamp: 1728400826998
- kind: conda
  name: vc14_runtime
  version: 14.40.33810
  build: hcc2c482_22
  build_number: 22
  subdir: win-64
  url: https://conda.anaconda.org/conda-forge/win-64/vc14_runtime-14.40.33810-hcc2c482_22.conda
  sha256: 4c669c65007f88a7cdd560192f7e6d5679d191ac71610db724e18b2410964d64
  md5: ce23a4b980ee0556a118ed96550ff3f3
  depends:
  - ucrt >=10.0.20348.0
  constrains:
  - vs2015_runtime 14.40.33810.* *_22
  license: LicenseRef-MicrosoftVisualCpp2015-2022Runtime
  license_family: Proprietary
  size: 750719
  timestamp: 1728401055788
- kind: conda
  name: vs2015_runtime
  version: 14.40.33810
  build: h3bf8584_22
  build_number: 22
  subdir: win-64
  url: https://conda.anaconda.org/conda-forge/win-64/vs2015_runtime-14.40.33810-h3bf8584_22.conda
  sha256: 80aa9932203d65a96f817b8be4fafc176fb2b3fe6cf6899ede678b8f0317fbff
  md5: 8c6b061d44cafdfc8e8c6eb5f100caf0
  depends:
  - vc14_runtime >=14.40.33810
  license: BSD-3-Clause
  license_family: BSD
  size: 17453
  timestamp: 1728400827536
- kind: conda
  name: vswhere
  version: 3.1.7
  build: h57928b3_0
  subdir: win-64
  url: https://conda.anaconda.org/conda-forge/win-64/vswhere-3.1.7-h57928b3_0.conda
  sha256: 8caeda9c0898cb8ee2cf4f45640dbbbdf772ddc01345cfb0f7b352c58b4d8025
  md5: ba83df93b48acfc528f5464c9a882baa
  license: MIT
  license_family: MIT
  size: 219013
  timestamp: 1719460515960
- kind: conda
  name: xz
  version: 5.2.6
  build: h8d14728_0
  subdir: win-64
  url: https://conda.anaconda.org/conda-forge/win-64/xz-5.2.6-h8d14728_0.tar.bz2
  sha256: 54d9778f75a02723784dc63aff4126ff6e6749ba21d11a6d03c1f4775f269fe0
  md5: 515d77642eaa3639413c6b1bc3f94219
  depends:
  - vc >=14.1,<15
  - vs2015_runtime >=14.16.27033
  license: LGPL-2.1 and GPL-2.0
  size: 217804
  timestamp: 1660346976440
- kind: conda
  name: zlib
  version: 1.3.1
  build: h2466b09_2
  build_number: 2
  subdir: win-64
  url: https://conda.anaconda.org/conda-forge/win-64/zlib-1.3.1-h2466b09_2.conda
  sha256: 8c688797ba23b9ab50cef404eca4d004a948941b6ee533ead0ff3bf52012528c
  md5: be60c4e8efa55fddc17b4131aa47acbd
  depends:
  - libzlib 1.3.1 h2466b09_2
  - ucrt >=10.0.20348.0
  - vc >=14.2,<15
  - vc14_runtime >=14.29.30139
  license: Zlib
  license_family: Other
  size: 107439
  timestamp: 1727963788936
- kind: conda
  name: zstd
  version: 1.5.6
  build: h0ea2cb4_0
  subdir: win-64
  url: https://conda.anaconda.org/conda-forge/win-64/zstd-1.5.6-h0ea2cb4_0.conda
  sha256: 768e30dc513568491818fb068ee867c57c514b553915536da09e5d10b4ebf3c3
  md5: 9a17230f95733c04dc40a2b1e5491d74
  depends:
  - libzlib >=1.2.13,<2.0.0a0
  - ucrt >=10.0.20348.0
  - vc >=14.2,<15
  - vc14_runtime >=14.29.30139
  license: BSD-3-Clause
  license_family: BSD
  size: 349143
  timestamp: 1714723445995
